
Microsoft Visual Studio Solution File, Format Version 12.00
# Visual Studio Version 17
VisualStudioVersion = 17.0.31903.59
MinimumVisualStudioVersion = 10.0.40219.1
Project("{2150E333-8FDC-42A3-9474-1A3956D46DE8}") = "src", "src", "{827E0CD3-B72D-47B6-A68D-7590B98EB39B}"
EndProject
Project("{FAE04EC0-301F-11D3-BF4B-00C04F79EFBC}") = "Examples.EntityFrameworkCore", "src\Examples.EntityFrameworkCore\Examples.EntityFrameworkCore.csproj", "{16E710D4-19D9-4501-9DE7-A8860B80CCCC}"
EndProject
Project("{FAE04EC0-301F-11D3-BF4B-00C04F79EFBC}") = "Examples.EntityFrameworkCore.Tests", "src\Examples.EntityFrameworkCore.Tests\Examples.EntityFrameworkCore.Tests.csproj", "{52EDB3F3-5B95-4F18-8035-BD7335E40C49}"
EndProject
Project("{FAE04EC0-301F-11D3-BF4B-00C04F79EFBC}") = "Examples.Xunit", "src\Examples.Xunit\Examples.Xunit.csproj", "{C1DC323E-6D49-4737-BCBF-9A69AEE0688E}"
EndProject
Project("{FAE04EC0-301F-11D3-BF4B-00C04F79EFBC}") = "ContosoUniversity", "src\ContosoUniversity\ContosoUniversity.csproj", "{6F094AFF-81D2-4088-B0CF-85BB0BC75464}"
EndProject
Project("{FAE04EC0-301F-11D3-BF4B-00C04F79EFBC}") = "Examples.EntityFrameworkCore.SQLite.Tests", "src\Examples.EntityFrameworkCore.SQLite.Tests\Examples.EntityFrameworkCore.SQLite.Tests.csproj", "{76ED7F87-8352-43F8-9945-A9A5DEB0E3B4}"
EndProject
Project("{FAE04EC0-301F-11D3-BF4B-00C04F79EFBC}") = "Examples.EntityFrameworkCore.SqlServer.Tests", "src\Examples.EntityFrameworkCore.SqlServer.Tests\Examples.EntityFrameworkCore.SqlServer.Tests.csproj", "{7445A41D-C8A2-4A1B-ADF2-9642F657B5E7}"
EndProject
Project("{FAE04EC0-301F-11D3-BF4B-00C04F79EFBC}") = "Examples.EntityFrameworkCore.PostgreSQL.Tests", "src\Examples.EntityFrameworkCore.PostgreSQL.Tests\Examples.EntityFrameworkCore.PostgreSQL.Tests.csproj", "{AF418384-4D22-4058-A71F-A88004C34C30}"
EndProject
Project("{FAE04EC0-301F-11D3-BF4B-00C04F79EFBC}") = "Examples.Various", "src\Examples.Various\Examples.Various.csproj", "{78CADCE3-6F77-4FA4-8D22-5FA3DEB6C375}"
EndProject
Global
	GlobalSection(SolutionConfigurationPlatforms) = preSolution
		Debug|Any CPU = Debug|Any CPU
		Debug|x64 = Debug|x64
		Debug|x86 = Debug|x86
		Release|Any CPU = Release|Any CPU
		Release|x64 = Release|x64
		Release|x86 = Release|x86
	EndGlobalSection
	GlobalSection(ProjectConfigurationPlatforms) = postSolution
		{16E710D4-19D9-4501-9DE7-A8860B80CCCC}.Debug|Any CPU.ActiveCfg = Debug|Any CPU
		{16E710D4-19D9-4501-9DE7-A8860B80CCCC}.Debug|Any CPU.Build.0 = Debug|Any CPU
		{16E710D4-19D9-4501-9DE7-A8860B80CCCC}.Debug|x64.ActiveCfg = Debug|Any CPU
		{16E710D4-19D9-4501-9DE7-A8860B80CCCC}.Debug|x64.Build.0 = Debug|Any CPU
		{16E710D4-19D9-4501-9DE7-A8860B80CCCC}.Debug|x86.ActiveCfg = Debug|Any CPU
		{16E710D4-19D9-4501-9DE7-A8860B80CCCC}.Debug|x86.Build.0 = Debug|Any CPU
		{16E710D4-19D9-4501-9DE7-A8860B80CCCC}.Release|Any CPU.ActiveCfg = Release|Any CPU
		{16E710D4-19D9-4501-9DE7-A8860B80CCCC}.Release|Any CPU.Build.0 = Release|Any CPU
		{16E710D4-19D9-4501-9DE7-A8860B80CCCC}.Release|x64.ActiveCfg = Release|Any CPU
		{16E710D4-19D9-4501-9DE7-A8860B80CCCC}.Release|x64.Build.0 = Release|Any CPU
		{16E710D4-19D9-4501-9DE7-A8860B80CCCC}.Release|x86.ActiveCfg = Release|Any CPU
		{16E710D4-19D9-4501-9DE7-A8860B80CCCC}.Release|x86.Build.0 = Release|Any CPU
		{52EDB3F3-5B95-4F18-8035-BD7335E40C49}.Debug|Any CPU.ActiveCfg = Debug|Any CPU
		{52EDB3F3-5B95-4F18-8035-BD7335E40C49}.Debug|Any CPU.Build.0 = Debug|Any CPU
		{52EDB3F3-5B95-4F18-8035-BD7335E40C49}.Debug|x64.ActiveCfg = Debug|Any CPU
		{52EDB3F3-5B95-4F18-8035-BD7335E40C49}.Debug|x64.Build.0 = Debug|Any CPU
		{52EDB3F3-5B95-4F18-8035-BD7335E40C49}.Debug|x86.ActiveCfg = Debug|Any CPU
		{52EDB3F3-5B95-4F18-8035-BD7335E40C49}.Debug|x86.Build.0 = Debug|Any CPU
		{52EDB3F3-5B95-4F18-8035-BD7335E40C49}.Release|Any CPU.ActiveCfg = Release|Any CPU
		{52EDB3F3-5B95-4F18-8035-BD7335E40C49}.Release|Any CPU.Build.0 = Release|Any CPU
		{52EDB3F3-5B95-4F18-8035-BD7335E40C49}.Release|x64.ActiveCfg = Release|Any CPU
		{52EDB3F3-5B95-4F18-8035-BD7335E40C49}.Release|x64.Build.0 = Release|Any CPU
		{52EDB3F3-5B95-4F18-8035-BD7335E40C49}.Release|x86.ActiveCfg = Release|Any CPU
		{52EDB3F3-5B95-4F18-8035-BD7335E40C49}.Release|x86.Build.0 = Release|Any CPU
		{C1DC323E-6D49-4737-BCBF-9A69AEE0688E}.Debug|Any CPU.ActiveCfg = Debug|Any CPU
		{C1DC323E-6D49-4737-BCBF-9A69AEE0688E}.Debug|Any CPU.Build.0 = Debug|Any CPU
		{C1DC323E-6D49-4737-BCBF-9A69AEE0688E}.Debug|x64.ActiveCfg = Debug|Any CPU
		{C1DC323E-6D49-4737-BCBF-9A69AEE0688E}.Debug|x64.Build.0 = Debug|Any CPU
		{C1DC323E-6D49-4737-BCBF-9A69AEE0688E}.Debug|x86.ActiveCfg = Debug|Any CPU
		{C1DC323E-6D49-4737-BCBF-9A69AEE0688E}.Debug|x86.Build.0 = Debug|Any CPU
		{C1DC323E-6D49-4737-BCBF-9A69AEE0688E}.Release|Any CPU.ActiveCfg = Release|Any CPU
		{C1DC323E-6D49-4737-BCBF-9A69AEE0688E}.Release|Any CPU.Build.0 = Release|Any CPU
		{C1DC323E-6D49-4737-BCBF-9A69AEE0688E}.Release|x64.ActiveCfg = Release|Any CPU
		{C1DC323E-6D49-4737-BCBF-9A69AEE0688E}.Release|x64.Build.0 = Release|Any CPU
		{C1DC323E-6D49-4737-BCBF-9A69AEE0688E}.Release|x86.ActiveCfg = Release|Any CPU
		{C1DC323E-6D49-4737-BCBF-9A69AEE0688E}.Release|x86.Build.0 = Release|Any CPU
		{6F094AFF-81D2-4088-B0CF-85BB0BC75464}.Debug|Any CPU.ActiveCfg = Debug|Any CPU
		{6F094AFF-81D2-4088-B0CF-85BB0BC75464}.Debug|Any CPU.Build.0 = Debug|Any CPU
		{6F094AFF-81D2-4088-B0CF-85BB0BC75464}.Debug|x64.ActiveCfg = Debug|Any CPU
		{6F094AFF-81D2-4088-B0CF-85BB0BC75464}.Debug|x64.Build.0 = Debug|Any CPU
		{6F094AFF-81D2-4088-B0CF-85BB0BC75464}.Debug|x86.ActiveCfg = Debug|Any CPU
		{6F094AFF-81D2-4088-B0CF-85BB0BC75464}.Debug|x86.Build.0 = Debug|Any CPU
		{6F094AFF-81D2-4088-B0CF-85BB0BC75464}.Release|Any CPU.ActiveCfg = Release|Any CPU
		{6F094AFF-81D2-4088-B0CF-85BB0BC75464}.Release|Any CPU.Build.0 = Release|Any CPU
		{6F094AFF-81D2-4088-B0CF-85BB0BC75464}.Release|x64.ActiveCfg = Release|Any CPU
		{6F094AFF-81D2-4088-B0CF-85BB0BC75464}.Release|x64.Build.0 = Release|Any CPU
		{6F094AFF-81D2-4088-B0CF-85BB0BC75464}.Release|x86.ActiveCfg = Release|Any CPU
		{6F094AFF-81D2-4088-B0CF-85BB0BC75464}.Release|x86.Build.0 = Release|Any CPU
		{76ED7F87-8352-43F8-9945-A9A5DEB0E3B4}.Debug|Any CPU.ActiveCfg = Debug|Any CPU
		{76ED7F87-8352-43F8-9945-A9A5DEB0E3B4}.Debug|Any CPU.Build.0 = Debug|Any CPU
		{76ED7F87-8352-43F8-9945-A9A5DEB0E3B4}.Debug|x64.ActiveCfg = Debug|Any CPU
		{76ED7F87-8352-43F8-9945-A9A5DEB0E3B4}.Debug|x64.Build.0 = Debug|Any CPU
		{76ED7F87-8352-43F8-9945-A9A5DEB0E3B4}.Debug|x86.ActiveCfg = Debug|Any CPU
		{76ED7F87-8352-43F8-9945-A9A5DEB0E3B4}.Debug|x86.Build.0 = Debug|Any CPU
		{76ED7F87-8352-43F8-9945-A9A5DEB0E3B4}.Release|Any CPU.ActiveCfg = Release|Any CPU
		{76ED7F87-8352-43F8-9945-A9A5DEB0E3B4}.Release|Any CPU.Build.0 = Release|Any CPU
		{76ED7F87-8352-43F8-9945-A9A5DEB0E3B4}.Release|x64.ActiveCfg = Release|Any CPU
		{76ED7F87-8352-43F8-9945-A9A5DEB0E3B4}.Release|x64.Build.0 = Release|Any CPU
		{76ED7F87-8352-43F8-9945-A9A5DEB0E3B4}.Release|x86.ActiveCfg = Release|Any CPU
		{76ED7F87-8352-43F8-9945-A9A5DEB0E3B4}.Release|x86.Build.0 = Release|Any CPU
		{7445A41D-C8A2-4A1B-ADF2-9642F657B5E7}.Debug|Any CPU.ActiveCfg = Debug|Any CPU
		{7445A41D-C8A2-4A1B-ADF2-9642F657B5E7}.Debug|Any CPU.Build.0 = Debug|Any CPU
		{7445A41D-C8A2-4A1B-ADF2-9642F657B5E7}.Debug|x64.ActiveCfg = Debug|Any CPU
		{7445A41D-C8A2-4A1B-ADF2-9642F657B5E7}.Debug|x64.Build.0 = Debug|Any CPU
		{7445A41D-C8A2-4A1B-ADF2-9642F657B5E7}.Debug|x86.ActiveCfg = Debug|Any CPU
		{7445A41D-C8A2-4A1B-ADF2-9642F657B5E7}.Debug|x86.Build.0 = Debug|Any CPU
		{7445A41D-C8A2-4A1B-ADF2-9642F657B5E7}.Release|Any CPU.ActiveCfg = Release|Any CPU
		{7445A41D-C8A2-4A1B-ADF2-9642F657B5E7}.Release|Any CPU.Build.0 = Release|Any CPU
		{7445A41D-C8A2-4A1B-ADF2-9642F657B5E7}.Release|x64.ActiveCfg = Release|Any CPU
		{7445A41D-C8A2-4A1B-ADF2-9642F657B5E7}.Release|x64.Build.0 = Release|Any CPU
		{7445A41D-C8A2-4A1B-ADF2-9642F657B5E7}.Release|x86.ActiveCfg = Release|Any CPU
		{7445A41D-C8A2-4A1B-ADF2-9642F657B5E7}.Release|x86.Build.0 = Release|Any CPU
		{AF418384-4D22-4058-A71F-A88004C34C30}.Debug|Any CPU.ActiveCfg = Debug|Any CPU
		{AF418384-4D22-4058-A71F-A88004C34C30}.Debug|Any CPU.Build.0 = Debug|Any CPU
		{AF418384-4D22-4058-A71F-A88004C34C30}.Debug|x64.ActiveCfg = Debug|Any CPU
		{AF418384-4D22-4058-A71F-A88004C34C30}.Debug|x64.Build.0 = Debug|Any CPU
		{AF418384-4D22-4058-A71F-A88004C34C30}.Debug|x86.ActiveCfg = Debug|Any CPU
		{AF418384-4D22-4058-A71F-A88004C34C30}.Debug|x86.Build.0 = Debug|Any CPU
		{AF418384-4D22-4058-A71F-A88004C34C30}.Release|Any CPU.ActiveCfg = Release|Any CPU
		{AF418384-4D22-4058-A71F-A88004C34C30}.Release|Any CPU.Build.0 = Release|Any CPU
		{AF418384-4D22-4058-A71F-A88004C34C30}.Release|x64.ActiveCfg = Release|Any CPU
		{AF418384-4D22-4058-A71F-A88004C34C30}.Release|x64.Build.0 = Release|Any CPU
		{AF418384-4D22-4058-A71F-A88004C34C30}.Release|x86.ActiveCfg = Release|Any CPU
		{AF418384-4D22-4058-A71F-A88004C34C30}.Release|x86.Build.0 = Release|Any CPU
		{78CADCE3-6F77-4FA4-8D22-5FA3DEB6C375}.Debug|Any CPU.ActiveCfg = Debug|Any CPU
		{78CADCE3-6F77-4FA4-8D22-5FA3DEB6C375}.Debug|Any CPU.Build.0 = Debug|Any CPU
		{78CADCE3-6F77-4FA4-8D22-5FA3DEB6C375}.Debug|x64.ActiveCfg = Debug|Any CPU
		{78CADCE3-6F77-4FA4-8D22-5FA3DEB6C375}.Debug|x64.Build.0 = Debug|Any CPU
		{78CADCE3-6F77-4FA4-8D22-5FA3DEB6C375}.Debug|x86.ActiveCfg = Debug|Any CPU
		{78CADCE3-6F77-4FA4-8D22-5FA3DEB6C375}.Debug|x86.Build.0 = Debug|Any CPU
		{78CADCE3-6F77-4FA4-8D22-5FA3DEB6C375}.Release|Any CPU.ActiveCfg = Release|Any CPU
		{78CADCE3-6F77-4FA4-8D22-5FA3DEB6C375}.Release|Any CPU.Build.0 = Release|Any CPU
		{78CADCE3-6F77-4FA4-8D22-5FA3DEB6C375}.Release|x64.ActiveCfg = Release|Any CPU
		{78CADCE3-6F77-4FA4-8D22-5FA3DEB6C375}.Release|x64.Build.0 = Release|Any CPU
		{78CADCE3-6F77-4FA4-8D22-5FA3DEB6C375}.Release|x86.ActiveCfg = Release|Any CPU
		{78CADCE3-6F77-4FA4-8D22-5FA3DEB6C375}.Release|x86.Build.0 = Release|Any CPU
	EndGlobalSection
	GlobalSection(SolutionProperties) = preSolution
		HideSolutionNode = FALSE
	EndGlobalSection
	GlobalSection(NestedProjects) = preSolution
		{16E710D4-19D9-4501-9DE7-A8860B80CCCC} = {827E0CD3-B72D-47B6-A68D-7590B98EB39B}
		{52EDB3F3-5B95-4F18-8035-BD7335E40C49} = {827E0CD3-B72D-47B6-A68D-7590B98EB39B}
		{C1DC323E-6D49-4737-BCBF-9A69AEE0688E} = {827E0CD3-B72D-47B6-A68D-7590B98EB39B}
		{6F094AFF-81D2-4088-B0CF-85BB0BC75464} = {827E0CD3-B72D-47B6-A68D-7590B98EB39B}
		{76ED7F87-8352-43F8-9945-A9A5DEB0E3B4} = {827E0CD3-B72D-47B6-A68D-7590B98EB39B}
		{7445A41D-C8A2-4A1B-ADF2-9642F657B5E7} = {827E0CD3-B72D-47B6-A68D-7590B98EB39B}
		{AF418384-4D22-4058-A71F-A88004C34C30} = {827E0CD3-B72D-47B6-A68D-7590B98EB39B}
		{78CADCE3-6F77-4FA4-8D22-5FA3DEB6C375} = {827E0CD3-B72D-47B6-A68D-7590B98EB39B}
	EndGlobalSection
EndGlobal
