
Microsoft Visual Studio Solution File, Format Version 12.00
# Visual Studio Version 17
VisualStudioVersion = 17.0.31903.59
MinimumVisualStudioVersion = 10.0.40219.1
Project("{2150E333-8FDC-42A3-9474-1A3956D46DE8}") = "src", "src", "{827E0CD3-B72D-47B6-A68D-7590B98EB39B}"
EndProject
Project("{FAE04EC0-301F-11D3-BF4B-00C04F79EFBC}") = "Examples.EntityFrameworkCore", "src\Examples.EntityFrameworkCore\Examples.EntityFrameworkCore.csproj", "{0F8E5757-12D9-4670-98B9-CC9CC4591A72}"
EndProject
Project("{FAE04EC0-301F-11D3-BF4B-00C04F79EFBC}") = "Examples.EntityFrameworkCore.Tests", "src\Examples.EntityFrameworkCore.Tests\Examples.EntityFrameworkCore.Tests.csproj", "{02F58D01-7927-44C8-839B-13ED79933F24}"
EndProject
Project("{FAE04EC0-301F-11D3-BF4B-00C04F79EFBC}") = "Examples.Various", "src\Examples.Various\Examples.Various.csproj", "{5232D9D8-3536-4AA8-93D4-823D81B7C30B}"
EndProject
Project("{FAE04EC0-301F-11D3-BF4B-00C04F79EFBC}") = "ContosoUniversity", "src\ContosoUniversity\ContosoUniversity.csproj", "{1921C367-3C03-42AB-BD9C-0E99AB65BE66}"
EndProject
Project("{FAE04EC0-301F-11D3-BF4B-00C04F79EFBC}") = "Examples.EntityFrameworkCore.SQLite.Tests", "src\Examples.EntityFrameworkCore.SQLite.Tests\Examples.EntityFrameworkCore.SQLite.Tests.csproj", "{78F07345-CACD-40DE-A429-C76D49447F59}"
EndProject
Project("{FAE04EC0-301F-11D3-BF4B-00C04F79EFBC}") = "Examples.EntityFrameworkCore.SqlServer.Tests", "src\Examples.EntityFrameworkCore.SqlServer.Tests\Examples.EntityFrameworkCore.SqlServer.Tests.csproj", "{201442EC-19C7-495C-8E5F-617877CC4DBB}"
EndProject
Project("{FAE04EC0-301F-11D3-BF4B-00C04F79EFBC}") = "ContosoCorporation", "src\ContosoCorporation\ContosoCorporation.csproj", "{96AA5471-179B-4062-AC67-15BC82F3E25D}"
EndProject
Project("{FAE04EC0-301F-11D3-BF4B-00C04F79EFBC}") = "Examples.EntityFrameworkCore.PostgreSQL.Tests", "src\Examples.EntityFrameworkCore.PostgreSQL.Tests\Examples.EntityFrameworkCore.PostgreSQL.Tests.csproj", "{9C54D899-ED38-4468-8B8D-AF887C360C63}"
EndProject
Project("{FAE04EC0-301F-11D3-BF4B-00C04F79EFBC}") = "Examples.Dapper", "src\Examples.Dapper\Examples.Dapper.csproj", "{854061AB-06AA-4412-986C-E47BEAF141DE}"
EndProject
Project("{FAE04EC0-301F-11D3-BF4B-00C04F79EFBC}") = "Examples.Dapper.PostgreSQL.Tests", "src\Examples.Dapper.PostgreSQL.Tests\Examples.Dapper.PostgreSQL.Tests.csproj", "{00FCFFAA-4CA9-471B-9B1A-57AA4E138D8B}"
EndProject
Global
	GlobalSection(SolutionConfigurationPlatforms) = preSolution
		Debug|Any CPU = Debug|Any CPU
		Debug|x64 = Debug|x64
		Debug|x86 = Debug|x86
		Release|Any CPU = Release|Any CPU
		Release|x64 = Release|x64
		Release|x86 = Release|x86
	EndGlobalSection
	GlobalSection(ProjectConfigurationPlatforms) = postSolution
		{0F8E5757-12D9-4670-98B9-CC9CC4591A72}.Debug|Any CPU.ActiveCfg = Debug|Any CPU
		{0F8E5757-12D9-4670-98B9-CC9CC4591A72}.Debug|Any CPU.Build.0 = Debug|Any CPU
		{0F8E5757-12D9-4670-98B9-CC9CC4591A72}.Debug|x64.ActiveCfg = Debug|Any CPU
		{0F8E5757-12D9-4670-98B9-CC9CC4591A72}.Debug|x64.Build.0 = Debug|Any CPU
		{0F8E5757-12D9-4670-98B9-CC9CC4591A72}.Debug|x86.ActiveCfg = Debug|Any CPU
		{0F8E5757-12D9-4670-98B9-CC9CC4591A72}.Debug|x86.Build.0 = Debug|Any CPU
		{0F8E5757-12D9-4670-98B9-CC9CC4591A72}.Release|Any CPU.ActiveCfg = Release|Any CPU
		{0F8E5757-12D9-4670-98B9-CC9CC4591A72}.Release|Any CPU.Build.0 = Release|Any CPU
		{0F8E5757-12D9-4670-98B9-CC9CC4591A72}.Release|x64.ActiveCfg = Release|Any CPU
		{0F8E5757-12D9-4670-98B9-CC9CC4591A72}.Release|x64.Build.0 = Release|Any CPU
		{0F8E5757-12D9-4670-98B9-CC9CC4591A72}.Release|x86.ActiveCfg = Release|Any CPU
		{0F8E5757-12D9-4670-98B9-CC9CC4591A72}.Release|x86.Build.0 = Release|Any CPU
		{02F58D01-7927-44C8-839B-13ED79933F24}.Debug|Any CPU.ActiveCfg = Debug|Any CPU
		{02F58D01-7927-44C8-839B-13ED79933F24}.Debug|Any CPU.Build.0 = Debug|Any CPU
		{02F58D01-7927-44C8-839B-13ED79933F24}.Debug|x64.ActiveCfg = Debug|Any CPU
		{02F58D01-7927-44C8-839B-13ED79933F24}.Debug|x64.Build.0 = Debug|Any CPU
		{02F58D01-7927-44C8-839B-13ED79933F24}.Debug|x86.ActiveCfg = Debug|Any CPU
		{02F58D01-7927-44C8-839B-13ED79933F24}.Debug|x86.Build.0 = Debug|Any CPU
		{02F58D01-7927-44C8-839B-13ED79933F24}.Release|Any CPU.ActiveCfg = Release|Any CPU
		{02F58D01-7927-44C8-839B-13ED79933F24}.Release|Any CPU.Build.0 = Release|Any CPU
		{02F58D01-7927-44C8-839B-13ED79933F24}.Release|x64.ActiveCfg = Release|Any CPU
		{02F58D01-7927-44C8-839B-13ED79933F24}.Release|x64.Build.0 = Release|Any CPU
		{02F58D01-7927-44C8-839B-13ED79933F24}.Release|x86.ActiveCfg = Release|Any CPU
		{02F58D01-7927-44C8-839B-13ED79933F24}.Release|x86.Build.0 = Release|Any CPU
		{5232D9D8-3536-4AA8-93D4-823D81B7C30B}.Debug|Any CPU.ActiveCfg = Debug|Any CPU
		{5232D9D8-3536-4AA8-93D4-823D81B7C30B}.Debug|Any CPU.Build.0 = Debug|Any CPU
		{5232D9D8-3536-4AA8-93D4-823D81B7C30B}.Debug|x64.ActiveCfg = Debug|Any CPU
		{5232D9D8-3536-4AA8-93D4-823D81B7C30B}.Debug|x64.Build.0 = Debug|Any CPU
		{5232D9D8-3536-4AA8-93D4-823D81B7C30B}.Debug|x86.ActiveCfg = Debug|Any CPU
		{5232D9D8-3536-4AA8-93D4-823D81B7C30B}.Debug|x86.Build.0 = Debug|Any CPU
		{5232D9D8-3536-4AA8-93D4-823D81B7C30B}.Release|Any CPU.ActiveCfg = Release|Any CPU
		{5232D9D8-3536-4AA8-93D4-823D81B7C30B}.Release|Any CPU.Build.0 = Release|Any CPU
		{5232D9D8-3536-4AA8-93D4-823D81B7C30B}.Release|x64.ActiveCfg = Release|Any CPU
		{5232D9D8-3536-4AA8-93D4-823D81B7C30B}.Release|x64.Build.0 = Release|Any CPU
		{5232D9D8-3536-4AA8-93D4-823D81B7C30B}.Release|x86.ActiveCfg = Release|Any CPU
		{5232D9D8-3536-4AA8-93D4-823D81B7C30B}.Release|x86.Build.0 = Release|Any CPU
		{1921C367-3C03-42AB-BD9C-0E99AB65BE66}.Debug|Any CPU.ActiveCfg = Debug|Any CPU
		{1921C367-3C03-42AB-BD9C-0E99AB65BE66}.Debug|Any CPU.Build.0 = Debug|Any CPU
		{1921C367-3C03-42AB-BD9C-0E99AB65BE66}.Debug|x64.ActiveCfg = Debug|Any CPU
		{1921C367-3C03-42AB-BD9C-0E99AB65BE66}.Debug|x64.Build.0 = Debug|Any CPU
		{1921C367-3C03-42AB-BD9C-0E99AB65BE66}.Debug|x86.ActiveCfg = Debug|Any CPU
		{1921C367-3C03-42AB-BD9C-0E99AB65BE66}.Debug|x86.Build.0 = Debug|Any CPU
		{1921C367-3C03-42AB-BD9C-0E99AB65BE66}.Release|Any CPU.ActiveCfg = Release|Any CPU
		{1921C367-3C03-42AB-BD9C-0E99AB65BE66}.Release|Any CPU.Build.0 = Release|Any CPU
		{1921C367-3C03-42AB-BD9C-0E99AB65BE66}.Release|x64.ActiveCfg = Release|Any CPU
		{1921C367-3C03-42AB-BD9C-0E99AB65BE66}.Release|x64.Build.0 = Release|Any CPU
		{1921C367-3C03-42AB-BD9C-0E99AB65BE66}.Release|x86.ActiveCfg = Release|Any CPU
		{1921C367-3C03-42AB-BD9C-0E99AB65BE66}.Release|x86.Build.0 = Release|Any CPU
		{78F07345-CACD-40DE-A429-C76D49447F59}.Debug|Any CPU.ActiveCfg = Debug|Any CPU
		{78F07345-CACD-40DE-A429-C76D49447F59}.Debug|Any CPU.Build.0 = Debug|Any CPU
		{78F07345-CACD-40DE-A429-C76D49447F59}.Debug|x64.ActiveCfg = Debug|Any CPU
		{78F07345-CACD-40DE-A429-C76D49447F59}.Debug|x64.Build.0 = Debug|Any CPU
		{78F07345-CACD-40DE-A429-C76D49447F59}.Debug|x86.ActiveCfg = Debug|Any CPU
		{78F07345-CACD-40DE-A429-C76D49447F59}.Debug|x86.Build.0 = Debug|Any CPU
		{78F07345-CACD-40DE-A429-C76D49447F59}.Release|Any CPU.ActiveCfg = Release|Any CPU
		{78F07345-CACD-40DE-A429-C76D49447F59}.Release|Any CPU.Build.0 = Release|Any CPU
		{78F07345-CACD-40DE-A429-C76D49447F59}.Release|x64.ActiveCfg = Release|Any CPU
		{78F07345-CACD-40DE-A429-C76D49447F59}.Release|x64.Build.0 = Release|Any CPU
		{78F07345-CACD-40DE-A429-C76D49447F59}.Release|x86.ActiveCfg = Release|Any CPU
		{78F07345-CACD-40DE-A429-C76D49447F59}.Release|x86.Build.0 = Release|Any CPU
		{201442EC-19C7-495C-8E5F-617877CC4DBB}.Debug|Any CPU.ActiveCfg = Debug|Any CPU
		{201442EC-19C7-495C-8E5F-617877CC4DBB}.Debug|Any CPU.Build.0 = Debug|Any CPU
		{201442EC-19C7-495C-8E5F-617877CC4DBB}.Debug|x64.ActiveCfg = Debug|Any CPU
		{201442EC-19C7-495C-8E5F-617877CC4DBB}.Debug|x64.Build.0 = Debug|Any CPU
		{201442EC-19C7-495C-8E5F-617877CC4DBB}.Debug|x86.ActiveCfg = Debug|Any CPU
		{201442EC-19C7-495C-8E5F-617877CC4DBB}.Debug|x86.Build.0 = Debug|Any CPU
		{201442EC-19C7-495C-8E5F-617877CC4DBB}.Release|Any CPU.ActiveCfg = Release|Any CPU
		{201442EC-19C7-495C-8E5F-617877CC4DBB}.Release|Any CPU.Build.0 = Release|Any CPU
		{201442EC-19C7-495C-8E5F-617877CC4DBB}.Release|x64.ActiveCfg = Release|Any CPU
		{201442EC-19C7-495C-8E5F-617877CC4DBB}.Release|x64.Build.0 = Release|Any CPU
		{201442EC-19C7-495C-8E5F-617877CC4DBB}.Release|x86.ActiveCfg = Release|Any CPU
		{201442EC-19C7-495C-8E5F-617877CC4DBB}.Release|x86.Build.0 = Release|Any CPU
		{96AA5471-179B-4062-AC67-15BC82F3E25D}.Debug|Any CPU.ActiveCfg = Debug|Any CPU
		{96AA5471-179B-4062-AC67-15BC82F3E25D}.Debug|Any CPU.Build.0 = Debug|Any CPU
		{96AA5471-179B-4062-AC67-15BC82F3E25D}.Debug|x64.ActiveCfg = Debug|Any CPU
		{96AA5471-179B-4062-AC67-15BC82F3E25D}.Debug|x64.Build.0 = Debug|Any CPU
		{96AA5471-179B-4062-AC67-15BC82F3E25D}.Debug|x86.ActiveCfg = Debug|Any CPU
		{96AA5471-179B-4062-AC67-15BC82F3E25D}.Debug|x86.Build.0 = Debug|Any CPU
		{96AA5471-179B-4062-AC67-15BC82F3E25D}.Release|Any CPU.ActiveCfg = Release|Any CPU
		{96AA5471-179B-4062-AC67-15BC82F3E25D}.Release|Any CPU.Build.0 = Release|Any CPU
		{96AA5471-179B-4062-AC67-15BC82F3E25D}.Release|x64.ActiveCfg = Release|Any CPU
		{96AA5471-179B-4062-AC67-15BC82F3E25D}.Release|x64.Build.0 = Release|Any CPU
		{96AA5471-179B-4062-AC67-15BC82F3E25D}.Release|x86.ActiveCfg = Release|Any CPU
		{96AA5471-179B-4062-AC67-15BC82F3E25D}.Release|x86.Build.0 = Release|Any CPU
		{9C54D899-ED38-4468-8B8D-AF887C360C63}.Debug|Any CPU.ActiveCfg = Debug|Any CPU
		{9C54D899-ED38-4468-8B8D-AF887C360C63}.Debug|Any CPU.Build.0 = Debug|Any CPU
		{9C54D899-ED38-4468-8B8D-AF887C360C63}.Debug|x64.ActiveCfg = Debug|Any CPU
		{9C54D899-ED38-4468-8B8D-AF887C360C63}.Debug|x64.Build.0 = Debug|Any CPU
		{9C54D899-ED38-4468-8B8D-AF887C360C63}.Debug|x86.ActiveCfg = Debug|Any CPU
		{9C54D899-ED38-4468-8B8D-AF887C360C63}.Debug|x86.Build.0 = Debug|Any CPU
		{9C54D899-ED38-4468-8B8D-AF887C360C63}.Release|Any CPU.ActiveCfg = Release|Any CPU
		{9C54D899-ED38-4468-8B8D-AF887C360C63}.Release|Any CPU.Build.0 = Release|Any CPU
		{9C54D899-ED38-4468-8B8D-AF887C360C63}.Release|x64.ActiveCfg = Release|Any CPU
		{9C54D899-ED38-4468-8B8D-AF887C360C63}.Release|x64.Build.0 = Release|Any CPU
		{9C54D899-ED38-4468-8B8D-AF887C360C63}.Release|x86.ActiveCfg = Release|Any CPU
		{9C54D899-ED38-4468-8B8D-AF887C360C63}.Release|x86.Build.0 = Release|Any CPU
		{854061AB-06AA-4412-986C-E47BEAF141DE}.Debug|Any CPU.ActiveCfg = Debug|Any CPU
		{854061AB-06AA-4412-986C-E47BEAF141DE}.Debug|Any CPU.Build.0 = Debug|Any CPU
		{854061AB-06AA-4412-986C-E47BEAF141DE}.Debug|x64.ActiveCfg = Debug|Any CPU
		{854061AB-06AA-4412-986C-E47BEAF141DE}.Debug|x64.Build.0 = Debug|Any CPU
		{854061AB-06AA-4412-986C-E47BEAF141DE}.Debug|x86.ActiveCfg = Debug|Any CPU
		{854061AB-06AA-4412-986C-E47BEAF141DE}.Debug|x86.Build.0 = Debug|Any CPU
		{854061AB-06AA-4412-986C-E47BEAF141DE}.Release|Any CPU.ActiveCfg = Release|Any CPU
		{854061AB-06AA-4412-986C-E47BEAF141DE}.Release|Any CPU.Build.0 = Release|Any CPU
		{854061AB-06AA-4412-986C-E47BEAF141DE}.Release|x64.ActiveCfg = Release|Any CPU
		{854061AB-06AA-4412-986C-E47BEAF141DE}.Release|x64.Build.0 = Release|Any CPU
		{854061AB-06AA-4412-986C-E47BEAF141DE}.Release|x86.ActiveCfg = Release|Any CPU
		{854061AB-06AA-4412-986C-E47BEAF141DE}.Release|x86.Build.0 = Release|Any CPU
		{00FCFFAA-4CA9-471B-9B1A-57AA4E138D8B}.Debug|Any CPU.ActiveCfg = Debug|Any CPU
		{00FCFFAA-4CA9-471B-9B1A-57AA4E138D8B}.Debug|Any CPU.Build.0 = Debug|Any CPU
		{00FCFFAA-4CA9-471B-9B1A-57AA4E138D8B}.Debug|x64.ActiveCfg = Debug|Any CPU
		{00FCFFAA-4CA9-471B-9B1A-57AA4E138D8B}.Debug|x64.Build.0 = Debug|Any CPU
		{00FCFFAA-4CA9-471B-9B1A-57AA4E138D8B}.Debug|x86.ActiveCfg = Debug|Any CPU
		{00FCFFAA-4CA9-471B-9B1A-57AA4E138D8B}.Debug|x86.Build.0 = Debug|Any CPU
		{00FCFFAA-4CA9-471B-9B1A-57AA4E138D8B}.Release|Any CPU.ActiveCfg = Release|Any CPU
		{00FCFFAA-4CA9-471B-9B1A-57AA4E138D8B}.Release|Any CPU.Build.0 = Release|Any CPU
		{00FCFFAA-4CA9-471B-9B1A-57AA4E138D8B}.Release|x64.ActiveCfg = Release|Any CPU
		{00FCFFAA-4CA9-471B-9B1A-57AA4E138D8B}.Release|x64.Build.0 = Release|Any CPU
		{00FCFFAA-4CA9-471B-9B1A-57AA4E138D8B}.Release|x86.ActiveCfg = Release|Any CPU
		{00FCFFAA-4CA9-471B-9B1A-57AA4E138D8B}.Release|x86.Build.0 = Release|Any CPU
	EndGlobalSection
	GlobalSection(SolutionProperties) = preSolution
		HideSolutionNode = FALSE
	EndGlobalSection
	GlobalSection(NestedProjects) = preSolution
		{0F8E5757-12D9-4670-98B9-CC9CC4591A72} = {827E0CD3-B72D-47B6-A68D-7590B98EB39B}
		{02F58D01-7927-44C8-839B-13ED79933F24} = {827E0CD3-B72D-47B6-A68D-7590B98EB39B}
		{5232D9D8-3536-4AA8-93D4-823D81B7C30B} = {827E0CD3-B72D-47B6-A68D-7590B98EB39B}
		{1921C367-3C03-42AB-BD9C-0E99AB65BE66} = {827E0CD3-B72D-47B6-A68D-7590B98EB39B}
		{78F07345-CACD-40DE-A429-C76D49447F59} = {827E0CD3-B72D-47B6-A68D-7590B98EB39B}
		{201442EC-19C7-495C-8E5F-617877CC4DBB} = {827E0CD3-B72D-47B6-A68D-7590B98EB39B}
		{96AA5471-179B-4062-AC67-15BC82F3E25D} = {827E0CD3-B72D-47B6-A68D-7590B98EB39B}
		{9C54D899-ED38-4468-8B8D-AF887C360C63} = {827E0CD3-B72D-47B6-A68D-7590B98EB39B}
		{854061AB-06AA-4412-986C-E47BEAF141DE} = {827E0CD3-B72D-47B6-A68D-7590B98EB39B}
		{00FCFFAA-4CA9-471B-9B1A-57AA4E138D8B} = {827E0CD3-B72D-47B6-A68D-7590B98EB39B}
	EndGlobalSection
EndGlobal
