
Microsoft Visual Studio Solution File, Format Version 12.00
# Visual Studio Version 17
VisualStudioVersion = 17.0.31903.59
MinimumVisualStudioVersion = 10.0.40219.1
Project("{2150E333-8FDC-42A3-9474-1A3956D46DE8}") = "src", "src", "{827E0CD3-B72D-47B6-A68D-7590B98EB39B}"
EndProject
Project("{FAE04EC0-301F-11D3-BF4B-00C04F79EFBC}") = "Examples.EntityFrameworkCore", "src\Examples.EntityFrameworkCore\Examples.EntityFrameworkCore.csproj", "{F27E5CC5-A26C-400D-8F13-91B2AEFDB4DD}"
EndProject
Project("{FAE04EC0-301F-11D3-BF4B-00C04F79EFBC}") = "Examples.EntityFrameworkCore.Tests", "src\Examples.EntityFrameworkCore.Tests\Examples.EntityFrameworkCore.Tests.csproj", "{E939AB72-F967-4A50-8418-DFF775A59A25}"
EndProject
Project("{FAE04EC0-301F-11D3-BF4B-00C04F79EFBC}") = "ContosoUniversity", "src\ContosoUniversity\ContosoUniversity.csproj", "{D39AFFF5-A7A8-4999-B29B-71B0C7EB4A52}"
EndProject
Project("{FAE04EC0-301F-11D3-BF4B-00C04F79EFBC}") = "Examples.Various", "src\Examples.Various\Examples.Various.csproj", "{F8C326E3-59FF-4CD3-87D7-5FBBD5109FB3}"
EndProject
Project("{FAE04EC0-301F-11D3-BF4B-00C04F79EFBC}") = "Examples.EntityFrameworkCore.SQLite.Tests", "src\Examples.EntityFrameworkCore.SQLite.Tests\Examples.EntityFrameworkCore.SQLite.Tests.csproj", "{6D175707-087A-4809-A604-29130C4B1AA8}"
EndProject
Project("{FAE04EC0-301F-11D3-BF4B-00C04F79EFBC}") = "Examples.EntityFrameworkCore.SqlServer.Tests", "src\Examples.EntityFrameworkCore.SqlServer.Tests\Examples.EntityFrameworkCore.SqlServer.Tests.csproj", "{CAE1B5B5-29E1-42C6-B7DF-F2E7042B4B36}"
EndProject
Project("{FAE04EC0-301F-11D3-BF4B-00C04F79EFBC}") = "Examples.EntityFrameworkCore.PostgreSQL.Tests", "src\Examples.EntityFrameworkCore.PostgreSQL.Tests\Examples.EntityFrameworkCore.PostgreSQL.Tests.csproj", "{6185B462-6161-400D-A2E9-2A8016E5697D}"
EndProject
Project("{FAE04EC0-301F-11D3-BF4B-00C04F79EFBC}") = "ContosoUniversity.EntityFrameworkCore", "src\ContosoUniversity.EntityFrameworkCore\ContosoUniversity.EntityFrameworkCore.csproj", "{B12960B5-95B0-4AF4-B089-4D8BEEA86795}"
EndProject
Project("{FAE04EC0-301F-11D3-BF4B-00C04F79EFBC}") = "Examples.Dapper.PostgreSQL.Tests", "src\Examples.Dapper.PostgreSQL.Tests\Examples.Dapper.PostgreSQL.Tests.csproj", "{318E5216-0665-4EA4-8084-56E8916F31A4}"
EndProject
Global
	GlobalSection(SolutionConfigurationPlatforms) = preSolution
		Debug|Any CPU = Debug|Any CPU
		Debug|x64 = Debug|x64
		Debug|x86 = Debug|x86
		Release|Any CPU = Release|Any CPU
		Release|x64 = Release|x64
		Release|x86 = Release|x86
	EndGlobalSection
	GlobalSection(ProjectConfigurationPlatforms) = postSolution
		{F27E5CC5-A26C-400D-8F13-91B2AEFDB4DD}.Debug|Any CPU.ActiveCfg = Debug|Any CPU
		{F27E5CC5-A26C-400D-8F13-91B2AEFDB4DD}.Debug|Any CPU.Build.0 = Debug|Any CPU
		{F27E5CC5-A26C-400D-8F13-91B2AEFDB4DD}.Debug|x64.ActiveCfg = Debug|Any CPU
		{F27E5CC5-A26C-400D-8F13-91B2AEFDB4DD}.Debug|x64.Build.0 = Debug|Any CPU
		{F27E5CC5-A26C-400D-8F13-91B2AEFDB4DD}.Debug|x86.ActiveCfg = Debug|Any CPU
		{F27E5CC5-A26C-400D-8F13-91B2AEFDB4DD}.Debug|x86.Build.0 = Debug|Any CPU
		{F27E5CC5-A26C-400D-8F13-91B2AEFDB4DD}.Release|Any CPU.ActiveCfg = Release|Any CPU
		{F27E5CC5-A26C-400D-8F13-91B2AEFDB4DD}.Release|Any CPU.Build.0 = Release|Any CPU
		{F27E5CC5-A26C-400D-8F13-91B2AEFDB4DD}.Release|x64.ActiveCfg = Release|Any CPU
		{F27E5CC5-A26C-400D-8F13-91B2AEFDB4DD}.Release|x64.Build.0 = Release|Any CPU
		{F27E5CC5-A26C-400D-8F13-91B2AEFDB4DD}.Release|x86.ActiveCfg = Release|Any CPU
		{F27E5CC5-A26C-400D-8F13-91B2AEFDB4DD}.Release|x86.Build.0 = Release|Any CPU
		{E939AB72-F967-4A50-8418-DFF775A59A25}.Debug|Any CPU.ActiveCfg = Debug|Any CPU
		{E939AB72-F967-4A50-8418-DFF775A59A25}.Debug|Any CPU.Build.0 = Debug|Any CPU
		{E939AB72-F967-4A50-8418-DFF775A59A25}.Debug|x64.ActiveCfg = Debug|Any CPU
		{E939AB72-F967-4A50-8418-DFF775A59A25}.Debug|x64.Build.0 = Debug|Any CPU
		{E939AB72-F967-4A50-8418-DFF775A59A25}.Debug|x86.ActiveCfg = Debug|Any CPU
		{E939AB72-F967-4A50-8418-DFF775A59A25}.Debug|x86.Build.0 = Debug|Any CPU
		{E939AB72-F967-4A50-8418-DFF775A59A25}.Release|Any CPU.ActiveCfg = Release|Any CPU
		{E939AB72-F967-4A50-8418-DFF775A59A25}.Release|Any CPU.Build.0 = Release|Any CPU
		{E939AB72-F967-4A50-8418-DFF775A59A25}.Release|x64.ActiveCfg = Release|Any CPU
		{E939AB72-F967-4A50-8418-DFF775A59A25}.Release|x64.Build.0 = Release|Any CPU
		{E939AB72-F967-4A50-8418-DFF775A59A25}.Release|x86.ActiveCfg = Release|Any CPU
		{E939AB72-F967-4A50-8418-DFF775A59A25}.Release|x86.Build.0 = Release|Any CPU
		{D39AFFF5-A7A8-4999-B29B-71B0C7EB4A52}.Debug|Any CPU.ActiveCfg = Debug|Any CPU
		{D39AFFF5-A7A8-4999-B29B-71B0C7EB4A52}.Debug|Any CPU.Build.0 = Debug|Any CPU
		{D39AFFF5-A7A8-4999-B29B-71B0C7EB4A52}.Debug|x64.ActiveCfg = Debug|Any CPU
		{D39AFFF5-A7A8-4999-B29B-71B0C7EB4A52}.Debug|x64.Build.0 = Debug|Any CPU
		{D39AFFF5-A7A8-4999-B29B-71B0C7EB4A52}.Debug|x86.ActiveCfg = Debug|Any CPU
		{D39AFFF5-A7A8-4999-B29B-71B0C7EB4A52}.Debug|x86.Build.0 = Debug|Any CPU
		{D39AFFF5-A7A8-4999-B29B-71B0C7EB4A52}.Release|Any CPU.ActiveCfg = Release|Any CPU
		{D39AFFF5-A7A8-4999-B29B-71B0C7EB4A52}.Release|Any CPU.Build.0 = Release|Any CPU
		{D39AFFF5-A7A8-4999-B29B-71B0C7EB4A52}.Release|x64.ActiveCfg = Release|Any CPU
		{D39AFFF5-A7A8-4999-B29B-71B0C7EB4A52}.Release|x64.Build.0 = Release|Any CPU
		{D39AFFF5-A7A8-4999-B29B-71B0C7EB4A52}.Release|x86.ActiveCfg = Release|Any CPU
		{D39AFFF5-A7A8-4999-B29B-71B0C7EB4A52}.Release|x86.Build.0 = Release|Any CPU
		{F8C326E3-59FF-4CD3-87D7-5FBBD5109FB3}.Debug|Any CPU.ActiveCfg = Debug|Any CPU
		{F8C326E3-59FF-4CD3-87D7-5FBBD5109FB3}.Debug|Any CPU.Build.0 = Debug|Any CPU
		{F8C326E3-59FF-4CD3-87D7-5FBBD5109FB3}.Debug|x64.ActiveCfg = Debug|Any CPU
		{F8C326E3-59FF-4CD3-87D7-5FBBD5109FB3}.Debug|x64.Build.0 = Debug|Any CPU
		{F8C326E3-59FF-4CD3-87D7-5FBBD5109FB3}.Debug|x86.ActiveCfg = Debug|Any CPU
		{F8C326E3-59FF-4CD3-87D7-5FBBD5109FB3}.Debug|x86.Build.0 = Debug|Any CPU
		{F8C326E3-59FF-4CD3-87D7-5FBBD5109FB3}.Release|Any CPU.ActiveCfg = Release|Any CPU
		{F8C326E3-59FF-4CD3-87D7-5FBBD5109FB3}.Release|Any CPU.Build.0 = Release|Any CPU
		{F8C326E3-59FF-4CD3-87D7-5FBBD5109FB3}.Release|x64.ActiveCfg = Release|Any CPU
		{F8C326E3-59FF-4CD3-87D7-5FBBD5109FB3}.Release|x64.Build.0 = Release|Any CPU
		{F8C326E3-59FF-4CD3-87D7-5FBBD5109FB3}.Release|x86.ActiveCfg = Release|Any CPU
		{F8C326E3-59FF-4CD3-87D7-5FBBD5109FB3}.Release|x86.Build.0 = Release|Any CPU
		{6D175707-087A-4809-A604-29130C4B1AA8}.Debug|Any CPU.ActiveCfg = Debug|Any CPU
		{6D175707-087A-4809-A604-29130C4B1AA8}.Debug|Any CPU.Build.0 = Debug|Any CPU
		{6D175707-087A-4809-A604-29130C4B1AA8}.Debug|x64.ActiveCfg = Debug|Any CPU
		{6D175707-087A-4809-A604-29130C4B1AA8}.Debug|x64.Build.0 = Debug|Any CPU
		{6D175707-087A-4809-A604-29130C4B1AA8}.Debug|x86.ActiveCfg = Debug|Any CPU
		{6D175707-087A-4809-A604-29130C4B1AA8}.Debug|x86.Build.0 = Debug|Any CPU
		{6D175707-087A-4809-A604-29130C4B1AA8}.Release|Any CPU.ActiveCfg = Release|Any CPU
		{6D175707-087A-4809-A604-29130C4B1AA8}.Release|Any CPU.Build.0 = Release|Any CPU
		{6D175707-087A-4809-A604-29130C4B1AA8}.Release|x64.ActiveCfg = Release|Any CPU
		{6D175707-087A-4809-A604-29130C4B1AA8}.Release|x64.Build.0 = Release|Any CPU
		{6D175707-087A-4809-A604-29130C4B1AA8}.Release|x86.ActiveCfg = Release|Any CPU
		{6D175707-087A-4809-A604-29130C4B1AA8}.Release|x86.Build.0 = Release|Any CPU
		{CAE1B5B5-29E1-42C6-B7DF-F2E7042B4B36}.Debug|Any CPU.ActiveCfg = Debug|Any CPU
		{CAE1B5B5-29E1-42C6-B7DF-F2E7042B4B36}.Debug|Any CPU.Build.0 = Debug|Any CPU
		{CAE1B5B5-29E1-42C6-B7DF-F2E7042B4B36}.Debug|x64.ActiveCfg = Debug|Any CPU
		{CAE1B5B5-29E1-42C6-B7DF-F2E7042B4B36}.Debug|x64.Build.0 = Debug|Any CPU
		{CAE1B5B5-29E1-42C6-B7DF-F2E7042B4B36}.Debug|x86.ActiveCfg = Debug|Any CPU
		{CAE1B5B5-29E1-42C6-B7DF-F2E7042B4B36}.Debug|x86.Build.0 = Debug|Any CPU
		{CAE1B5B5-29E1-42C6-B7DF-F2E7042B4B36}.Release|Any CPU.ActiveCfg = Release|Any CPU
		{CAE1B5B5-29E1-42C6-B7DF-F2E7042B4B36}.Release|Any CPU.Build.0 = Release|Any CPU
		{CAE1B5B5-29E1-42C6-B7DF-F2E7042B4B36}.Release|x64.ActiveCfg = Release|Any CPU
		{CAE1B5B5-29E1-42C6-B7DF-F2E7042B4B36}.Release|x64.Build.0 = Release|Any CPU
		{CAE1B5B5-29E1-42C6-B7DF-F2E7042B4B36}.Release|x86.ActiveCfg = Release|Any CPU
		{CAE1B5B5-29E1-42C6-B7DF-F2E7042B4B36}.Release|x86.Build.0 = Release|Any CPU
		{6185B462-6161-400D-A2E9-2A8016E5697D}.Debug|Any CPU.ActiveCfg = Debug|Any CPU
		{6185B462-6161-400D-A2E9-2A8016E5697D}.Debug|Any CPU.Build.0 = Debug|Any CPU
		{6185B462-6161-400D-A2E9-2A8016E5697D}.Debug|x64.ActiveCfg = Debug|Any CPU
		{6185B462-6161-400D-A2E9-2A8016E5697D}.Debug|x64.Build.0 = Debug|Any CPU
		{6185B462-6161-400D-A2E9-2A8016E5697D}.Debug|x86.ActiveCfg = Debug|Any CPU
		{6185B462-6161-400D-A2E9-2A8016E5697D}.Debug|x86.Build.0 = Debug|Any CPU
		{6185B462-6161-400D-A2E9-2A8016E5697D}.Release|Any CPU.ActiveCfg = Release|Any CPU
		{6185B462-6161-400D-A2E9-2A8016E5697D}.Release|Any CPU.Build.0 = Release|Any CPU
		{6185B462-6161-400D-A2E9-2A8016E5697D}.Release|x64.ActiveCfg = Release|Any CPU
		{6185B462-6161-400D-A2E9-2A8016E5697D}.Release|x64.Build.0 = Release|Any CPU
		{6185B462-6161-400D-A2E9-2A8016E5697D}.Release|x86.ActiveCfg = Release|Any CPU
		{6185B462-6161-400D-A2E9-2A8016E5697D}.Release|x86.Build.0 = Release|Any CPU
		{B12960B5-95B0-4AF4-B089-4D8BEEA86795}.Debug|Any CPU.ActiveCfg = Debug|Any CPU
		{B12960B5-95B0-4AF4-B089-4D8BEEA86795}.Debug|Any CPU.Build.0 = Debug|Any CPU
		{B12960B5-95B0-4AF4-B089-4D8BEEA86795}.Debug|x64.ActiveCfg = Debug|Any CPU
		{B12960B5-95B0-4AF4-B089-4D8BEEA86795}.Debug|x64.Build.0 = Debug|Any CPU
		{B12960B5-95B0-4AF4-B089-4D8BEEA86795}.Debug|x86.ActiveCfg = Debug|Any CPU
		{B12960B5-95B0-4AF4-B089-4D8BEEA86795}.Debug|x86.Build.0 = Debug|Any CPU
		{B12960B5-95B0-4AF4-B089-4D8BEEA86795}.Release|Any CPU.ActiveCfg = Release|Any CPU
		{B12960B5-95B0-4AF4-B089-4D8BEEA86795}.Release|Any CPU.Build.0 = Release|Any CPU
		{B12960B5-95B0-4AF4-B089-4D8BEEA86795}.Release|x64.ActiveCfg = Release|Any CPU
		{B12960B5-95B0-4AF4-B089-4D8BEEA86795}.Release|x64.Build.0 = Release|Any CPU
		{B12960B5-95B0-4AF4-B089-4D8BEEA86795}.Release|x86.ActiveCfg = Release|Any CPU
		{B12960B5-95B0-4AF4-B089-4D8BEEA86795}.Release|x86.Build.0 = Release|Any CPU
		{318E5216-0665-4EA4-8084-56E8916F31A4}.Debug|Any CPU.ActiveCfg = Debug|Any CPU
		{318E5216-0665-4EA4-8084-56E8916F31A4}.Debug|Any CPU.Build.0 = Debug|Any CPU
		{318E5216-0665-4EA4-8084-56E8916F31A4}.Debug|x64.ActiveCfg = Debug|Any CPU
		{318E5216-0665-4EA4-8084-56E8916F31A4}.Debug|x64.Build.0 = Debug|Any CPU
		{318E5216-0665-4EA4-8084-56E8916F31A4}.Debug|x86.ActiveCfg = Debug|Any CPU
		{318E5216-0665-4EA4-8084-56E8916F31A4}.Debug|x86.Build.0 = Debug|Any CPU
		{318E5216-0665-4EA4-8084-56E8916F31A4}.Release|Any CPU.ActiveCfg = Release|Any CPU
		{318E5216-0665-4EA4-8084-56E8916F31A4}.Release|Any CPU.Build.0 = Release|Any CPU
		{318E5216-0665-4EA4-8084-56E8916F31A4}.Release|x64.ActiveCfg = Release|Any CPU
		{318E5216-0665-4EA4-8084-56E8916F31A4}.Release|x64.Build.0 = Release|Any CPU
		{318E5216-0665-4EA4-8084-56E8916F31A4}.Release|x86.ActiveCfg = Release|Any CPU
		{318E5216-0665-4EA4-8084-56E8916F31A4}.Release|x86.Build.0 = Release|Any CPU
	EndGlobalSection
	GlobalSection(SolutionProperties) = preSolution
		HideSolutionNode = FALSE
	EndGlobalSection
	GlobalSection(NestedProjects) = preSolution
		{F27E5CC5-A26C-400D-8F13-91B2AEFDB4DD} = {827E0CD3-B72D-47B6-A68D-7590B98EB39B}
		{E939AB72-F967-4A50-8418-DFF775A59A25} = {827E0CD3-B72D-47B6-A68D-7590B98EB39B}
		{D39AFFF5-A7A8-4999-B29B-71B0C7EB4A52} = {827E0CD3-B72D-47B6-A68D-7590B98EB39B}
		{F8C326E3-59FF-4CD3-87D7-5FBBD5109FB3} = {827E0CD3-B72D-47B6-A68D-7590B98EB39B}
		{6D175707-087A-4809-A604-29130C4B1AA8} = {827E0CD3-B72D-47B6-A68D-7590B98EB39B}
		{CAE1B5B5-29E1-42C6-B7DF-F2E7042B4B36} = {827E0CD3-B72D-47B6-A68D-7590B98EB39B}
		{6185B462-6161-400D-A2E9-2A8016E5697D} = {827E0CD3-B72D-47B6-A68D-7590B98EB39B}
		{B12960B5-95B0-4AF4-B089-4D8BEEA86795} = {827E0CD3-B72D-47B6-A68D-7590B98EB39B}
		{318E5216-0665-4EA4-8084-56E8916F31A4} = {827E0CD3-B72D-47B6-A68D-7590B98EB39B}
	EndGlobalSection
EndGlobal
